Microsoft Visual Studio Solution File, Format Version 12.00
# Visual Studio Version 18
VisualStudioVersion = 18.3.11520.95
MinimumVisualStudioVersion = 10.0.40219.1
Project("{FAE04EC0-301F-11D3-BF4B-00C04F79EFBC}") = "Gestion.Ganadera.API", "Gestion.Ganadera.API.csproj", "{5074A1AD-0DBF-43A7-936D-CB29CF8C5CC3}"
EndProject
Project("{FAE04EC0-301F-11D3-BF4B-00C04F79EFBC}") = "Gestion.Ganadera.Application", "..\Gestion.Ganadera.Application\Gestion.Ganadera.Application.csproj", "{9F519966-73EB-FB4E-EA78-228D4CD2F7A6}"
EndProject
Project("{FAE04EC0-301F-11D3-BF4B-00C04F79EFBC}") = "Gestion.Ganadera.Domain", "..\Gestion.Ganadera.Domain\Gestion.Ganadera.Domain.csproj", "{331A8B3F-74C0-836B-C982-43007DCFB894}"
EndProject
Project("{FAE04EC0-301F-11D3-BF4B-00C04F79EFBC}") = "Gestion.Ganadera.Infrastructure", "..\Gestion.Ganadera.Infrastructure\Gestion.Ganadera.Infrastructure.csproj", "{52C755BE-1B33-A8F7-B85F-A3AC9D8238C0}"
EndProject
Project("{FAE04EC0-301F-11D3-BF4B-00C04F79EFBC}") = "Gestion.Ganadera.API.Tests", "..\Gestion.Ganadera.API.Tests\Gestion.Ganadera.API.Tests.csproj", "{B6F6E8A9-14C7-4F4D-91E1-A6D258E0EC4C}"
EndProject
Global
	GlobalSection(SolutionConfigurationPlatforms) = preSolution
		Debug|Any CPU = Debug|Any CPU
		Release|Any CPU = Release|Any CPU
	EndGlobalSection
	GlobalSection(ProjectConfigurationPlatforms) = postSolution
		{5074A1AD-0DBF-43A7-936D-CB29CF8C5CC3}.Debug|Any CPU.ActiveCfg = Debug|Any CPU
		{5074A1AD-0DBF-43A7-936D-CB29CF8C5CC3}.Debug|Any CPU.Build.0 = Debug|Any CPU
		{5074A1AD-0DBF-43A7-936D-CB29CF8C5CC3}.Release|Any CPU.ActiveCfg = Release|Any CPU
		{5074A1AD-0DBF-43A7-936D-CB29CF8C5CC3}.Release|Any CPU.Build.0 = Release|Any CPU
		{9F519966-73EB-FB4E-EA78-228D4CD2F7A6}.Debug|Any CPU.ActiveCfg = Debug|Any CPU
		{9F519966-73EB-FB4E-EA78-228D4CD2F7A6}.Debug|Any CPU.Build.0 = Debug|Any CPU
		{9F519966-73EB-FB4E-EA78-228D4CD2F7A6}.Release|Any CPU.ActiveCfg = Release|Any CPU
		{9F519966-73EB-FB4E-EA78-228D4CD2F7A6}.Release|Any CPU.Build.0 = Release|Any CPU
		{331A8B3F-74C0-836B-C982-43007DCFB894}.Debug|Any CPU.ActiveCfg = Debug|Any CPU
		{331A8B3F-74C0-836B-C982-43007DCFB894}.Debug|Any CPU.Build.0 = Debug|Any CPU
		{331A8B3F-74C0-836B-C982-43007DCFB894}.Release|Any CPU.ActiveCfg = Release|Any CPU
		{331A8B3F-74C0-836B-C982-43007DCFB894}.Release|Any CPU.Build.0 = Release|Any CPU
		{52C755BE-1B33-A8F7-B85F-A3AC9D8238C0}.Debug|Any CPU.ActiveCfg = Debug|Any CPU
		{52C755BE-1B33-A8F7-B85F-A3AC9D8238C0}.Debug|Any CPU.Build.0 = Debug|Any CPU
		{52C755BE-1B33-A8F7-B85F-A3AC9D8238C0}.Release|Any CPU.ActiveCfg = Release|Any CPU
		{52C755BE-1B33-A8F7-B85F-A3AC9D8238C0}.Release|Any CPU.Build.0 = Release|Any CPU
		{B6F6E8A9-14C7-4F4D-91E1-A6D258E0EC4C}.Debug|Any CPU.ActiveCfg = Debug|Any CPU
		{B6F6E8A9-14C7-4F4D-91E1-A6D258E0EC4C}.Debug|Any CPU.Build.0 = Debug|Any CPU
		{B6F6E8A9-14C7-4F4D-91E1-A6D258E0EC4C}.Release|Any CPU.ActiveCfg = Release|Any CPU
		{B6F6E8A9-14C7-4F4D-91E1-A6D258E0EC4C}.Release|Any CPU.Build.0 = Release|Any CPU
	EndGlobalSection
	GlobalSection(SolutionProperties) = preSolution
		HideSolutionNode = FALSE
	EndGlobalSection
	GlobalSection(ExtensibilityGlobals) = postSolution
		SolutionGuid = {67D8A3DD-0E33-4199-8298-2917260B634D}
	EndGlobalSection
EndGlobal
